
Microsoft Visual Studio Solution File, Format Version 12.00
# Visual Studio Version 16
VisualStudioVersion = 16.0.30320.27
MinimumVisualStudioVersion = 10.0.40219.1
Project("{FAE04EC0-301F-11D3-BF4B-00C04F79EFBC}") = "AbstractClassAssignment", "AbstractClassAssignment\AbstractClassAssignment.csproj", "{910F0EF7-7CBA-4DC5-A313-6B43EC7FD8BC}"
EndProject
Global
	GlobalSection(SolutionConfigurationPlatforms) = preSolution
		Debug|Any CPU = Debug|Any CPU
		Release|Any CPU = Release|Any CPU
	EndGlobalSection
	GlobalSection(ProjectConfigurationPlatforms) = postSolution
		{910F0EF7-7CBA-4DC5-A313-6B43EC7FD8BC}.Debug|Any CPU.ActiveCfg = Debug|Any CPU
		{910F0EF7-7CBA-4DC5-A313-6B43EC7FD8BC}.Debug|Any CPU.Build.0 = Debug|Any CPU
		{910F0EF7-7CBA-4DC5-A313-6B43EC7FD8BC}.Release|Any CPU.ActiveCfg = Release|Any CPU
		{910F0EF7-7CBA-4DC5-A313-6B43EC7FD8BC}.Release|Any CPU.Build.0 = Release|Any CPU
	EndGlobalSection
	GlobalSection(SolutionProperties) = preSolution
		HideSolutionNode = FALSE
	EndGlobalSection
	GlobalSection(ExtensibilityGlobals) = postSolution
		SolutionGuid = {DE8DAEC7-E2E4-4CFE-BDCF-74382939F60B}
	EndGlobalSection
EndGlobal
